
Microsoft Visual Studio Solution File, Format Version 12.00
# Visual Studio Version 16
VisualStudioVersion = 16.0.30104.148
MinimumVisualStudioVersion = 10.0.40219.1
Project("{F184B08F-C81C-45F6-A57F-5ABD9991F28F}") = "ExamenIParcialHacknelReyes", "ExamenIParcialHacknelReyes\ExamenIParcialHacknelReyes.vbproj", "{58FE9CF2-AAB7-4ACF-9FA8-655E3B997AEA}"
EndProject
Global
	GlobalSection(SolutionConfigurationPlatforms) = preSolution
		Debug|Any CPU = Debug|Any CPU
		Release|Any CPU = Release|Any CPU
	EndGlobalSection
	GlobalSection(ProjectConfigurationPlatforms) = postSolution
		{58FE9CF2-AAB7-4ACF-9FA8-655E3B997AEA}.Debug|Any CPU.ActiveCfg = Debug|Any CPU
		{58FE9CF2-AAB7-4ACF-9FA8-655E3B997AEA}.Debug|Any CPU.Build.0 = Debug|Any CPU
		{58FE9CF2-AAB7-4ACF-9FA8-655E3B997AEA}.Release|Any CPU.ActiveCfg = Release|Any CPU
		{58FE9CF2-AAB7-4ACF-9FA8-655E3B997AEA}.Release|Any CPU.Build.0 = Release|Any CPU
	EndGlobalSection
	GlobalSection(SolutionProperties) = preSolution
		HideSolutionNode = FALSE
	EndGlobalSection
	GlobalSection(ExtensibilityGlobals) = postSolution
		SolutionGuid = {C678F3C1-A134-4154-8EEF-2EFE6D3C2EF4}
	EndGlobalSection
EndGlobal
